version: 6
environments:
  default:
    channels:
    - url: https://conda.anaconda.org/conda-forge/
    - url: https://conda.anaconda.org/bioconda/
    options:
      pypi-prerelease-mode: if-necessary-or-explicit
    packages:
      linux-64:
      - conda: https://conda.anaconda.org/conda-forge/linux-64/_libgcc_mutex-0.1-conda_forge.tar.bz2
      - conda: https://conda.anaconda.org/conda-forge/linux-64/_openmp_mutex-4.5-2_gnu.tar.bz2
      - conda: https://conda.anaconda.org/conda-forge/linux-64/libgcc-15.2.0-he0feb66_17.conda
      - conda: https://conda.anaconda.org/conda-forge/linux-64/libgomp-15.2.0-he0feb66_17.conda
      - conda: https://conda.anaconda.org/conda-forge/linux-64/libstdcxx-15.2.0-h934c35e_17.conda
      - conda: https://conda.anaconda.org/bioconda/linux-64/spring-1.1.1-h4ac6f70_3.tar.bz2
packages:
- conda: https://conda.anaconda.org/conda-forge/linux-64/_libgcc_mutex-0.1-conda_forge.tar.bz2
  sha256: fe51de6107f9edc7aa4f786a70f4a883943bc9d39b3bb7307c04c41410990726
  md5: d7c89558ba9fa0495403155b64376d81
  license: None
  size: 2562
  timestamp: 1578324546067
- conda: https://conda.anaconda.org/conda-forge/linux-64/_openmp_mutex-4.5-2_gnu.tar.bz2
  build_number: 16
  sha256: fbe2c5e56a653bebb982eda4876a9178aedfc2b545f25d0ce9c4c0b508253d22
  md5: 73aaf86a425cc6e73fcf236a5a46396d
  depends:
  - _libgcc_mutex 0.1 conda_forge
  - libgomp >=7.5.0
  constrains:
  - openmp_impl 9999
  license: BSD-3-Clause
  license_family: BSD
  size: 23621
  timestamp: 1650670423406
- conda: https://conda.anaconda.org/conda-forge/linux-64/libgcc-15.2.0-he0feb66_17.conda
  sha256: 43860222cf3abf04ded0cf24541a105aa388e0e1d4d6ca46258e186d4e87ae3e
  md5: 3c281169ea25b987311400d7a7e28445
  depends:
  - __glibc >=2.17,<3.0.a0
  - _openmp_mutex >=4.5
  constrains:
  - libgcc-ng ==15.2.0=*_17
  - libgomp 15.2.0 he0feb66_17
  license: GPL-3.0-only WITH GCC-exception-3.1
  license_family: GPL
  size: 1040478
  timestamp: 1770252533873
- conda: https://conda.anaconda.org/conda-forge/linux-64/libgomp-15.2.0-he0feb66_17.conda
  sha256: b961b5dd9761907a7179678b58a69bb4fc16b940eb477f635aea3aec0a3f17a6
  md5: 51b78c6a757575c0d12f4401ffc67029
  depends:
  - __glibc >=2.17,<3.0.a0
  license: GPL-3.0-only WITH GCC-exception-3.1
  license_family: GPL
  size: 603334
  timestamp: 1770252441199
- conda: https://conda.anaconda.org/conda-forge/linux-64/libstdcxx-15.2.0-h934c35e_17.conda
  sha256: 50c48cd3716a2e58e8e2e02edc78fef2d08fffe1e3b1ed40eb5f87e7e2d07889
  md5: 24c2fe35fa45cd71214beba6f337c071
  depends:
  - __glibc >=2.17,<3.0.a0
  - libgcc 15.2.0 he0feb66_17
  constrains:
  - libstdcxx-ng ==15.2.0=*_17
  license: GPL-3.0-only WITH GCC-exception-3.1
  license_family: GPL
  size: 5852406
  timestamp: 1770252584235
- conda: https://conda.anaconda.org/bioconda/linux-64/spring-1.1.1-h4ac6f70_3.tar.bz2
  sha256: a18b8417a87f5c4fadec1eccedfb475f0092db19e74eb5dc2bd4f7d8e3ecfcf8
  md5: f415ac2f0700e16eeb9384febdf92e61
  depends:
  - libgcc >=12
  - libstdcxx >=12
  license: Free for non-commercial use
  size: 6815050
  timestamp: 1730317790018
